// !$*UTF8*$!
{
	archiveVersion = 1;
	classes = {
	};
	objectVersion = 50;
	objects = {

/* Begin PBXBuildFile section */
		8B1141A221D287860063B335 /* GroupTableViewCell.swift in Sources */ = {isa = PBXBuildFile; fileRef = 8B1141A121D287860063B335 /* GroupTableViewCell.swift */; };
		8BB6128B21D281BC0099C616 /* AppDelegate.swift in Sources */ = {isa = PBXBuildFile; fileRef = 8BB6128A21D281BC0099C616 /* AppDelegate.swift */; };
		8BB6128D21D281BC0099C616 /* GiftGroupViewController.swift in Sources */ = {isa = PBXBuildFile; fileRef = 8BB6128C21D281BC0099C616 /* GiftGroupViewController.swift */; };
		8BB6128F21D281BC0099C616 /* SecondViewController.swift in Sources */ = {isa = PBXBuildFile; fileRef = 8BB6128E21D281BC0099C616 /* SecondViewController.swift */; };
		8BB6129221D281BC0099C616 /* Main.storyboard in Resources */ = {isa = PBXBuildFile; fileRef = 8BB6129021D281BC0099C616 /* Main.storyboard */; };
		8BB6129421D281BC0099C616 /* Assets.xcassets in Resources */ = {isa = PBXBuildFile; fileRef = 8BB6129321D281BC0099C616 /* Assets.xcassets */; };
		8BB6129721D281BC0099C616 /* LaunchScreen.storyboard in Resources */ = {isa = PBXBuildFile; fileRef = 8BB6129521D281BC0099C616 /* LaunchScreen.storyboard */; };
		8BB612A221D281BC0099C616 /* WishlistTests.swift in Sources */ = {isa = PBXBuildFile; fileRef = 8BB612A121D281BC0099C616 /* WishlistTests.swift */; };
		EBE8384305BD189B792955A8 /* Pods_Wishlist.framework in Frameworks */ = {isa = PBXBuildFile; fileRef = 2C817941CD043D523FDEE962 /* Pods_Wishlist.framework */; };
/* End PBXBuildFile section */

/* Begin PBXContainerItemProxy section */
		8BB6129E21D281BC0099C616 /* PBXContainerItemProxy */ = {
			isa = PBXContainerItemProxy;
			containerPortal = 8BB6127F21D281BC0099C616 /* Project object */;
			proxyType = 1;
			remoteGlobalIDString = 8BB6128621D281BC0099C616;
			remoteInfo = Wishlist;
		};
/* End PBXContainerItemProxy section */

/* Begin PBXFileReference section */
		2C817941CD043D523FDEE962 /* Pods_Wishlist.framework */ = {isa = PBXFileReference; explicitFileType = wrapper.framework; includeInIndex = 0; path = Pods_Wishlist.framework; sourceTree = BUILT_PRODUCTS_DIR; };
		7C982B305BFFE44909C143FB /* Pods-Wishlist.debug.xcconfig */ = {isa = PBXFileReference; includeInIndex = 1; lastKnownFileType = text.xcconfig; name = "Pods-Wishlist.debug.xcconfig"; path = "Pods/Target Support Files/Pods-Wishlist/Pods-Wishlist.debug.xcconfig"; sourceTree = "<group>"; };
		8B1141A121D287860063B335 /* GroupTableViewCell.swift */ = {isa = PBXFileReference; lastKnownFileType = sourcecode.swift; path = GroupTableViewCell.swift; sourceTree = "<group>"; };
		8BB6128721D281BC0099C616 /* Wishlist.app */ = {isa = PBXFileReference; explicitFileType = wrapper.application; includeInIndex = 0; path = Wishlist.app; sourceTree = BUILT_PRODUCTS_DIR; };
		8BB6128A21D281BC0099C616 /* AppDelegate.swift */ = {isa = PBXFileReference; lastKnownFileType = sourcecode.swift; path = AppDelegate.swift; sourceTree = "<group>"; };
		8BB6128C21D281BC0099C616 /* GiftGroupViewController.swift */ = {isa = PBXFileReference; lastKnownFileType = sourcecode.swift; path = GiftGroupViewController.swift; sourceTree = "<group>"; };
		8BB6128E21D281BC0099C616 /* SecondViewController.swift */ = {isa = PBXFileReference; lastKnownFileType = sourcecode.swift; path = SecondViewController.swift; sourceTree = "<group>"; };
		8BB6129121D281BC0099C616 /* Base */ = {isa = PBXFileReference; lastKnownFileType = file.storyboard; name = Base; path = Base.lproj/Main.storyboard; sourceTree = "<group>"; };
		8BB6129321D281BC0099C616 /* Assets.xcassets */ = {isa = PBXFileReference; lastKnownFileType = folder.assetcatalog; path = Assets.xcassets; sourceTree = "<group>"; };
		8BB6129621D281BC0099C616 /* Base */ = {isa = PBXFileReference; lastKnownFileType = file.storyboard; name = Base; path = Base.lproj/LaunchScreen.storyboard; sourceTree = "<group>"; };
		8BB6129821D281BC0099C616 /* Info.plist */ = {isa = PBXFileReference; lastKnownFileType = text.plist.xml; path = Info.plist; sourceTree = "<group>"; };
		8BB6129D21D281BC0099C616 /* WishlistTests.xctest */ = {isa = PBXFileReference; explicitFileType = wrapper.cfbundle; includeInIndex = 0; path = WishlistTests.xctest; sourceTree = BUILT_PRODUCTS_DIR; };
		8BB612A121D281BC0099C616 /* WishlistTests.swift */ = {isa = PBXFileReference; lastKnownFileType = sourcecode.swift; path = WishlistTests.swift; sourceTree = "<group>"; };
		8BB612A321D281BC0099C616 /* Info.plist */ = {isa = PBXFileReference; lastKnownFileType = text.plist.xml; path = Info.plist; sourceTree = "<group>"; };
		C8FBE943D72CA013861F512B /* Pods-Wishlist.release.xcconfig */ = {isa = PBXFileReference; includeInIndex = 1; lastKnownFileType = text.xcconfig; name = "Pods-Wishlist.release.xcconfig"; path = "Pods/Target Support Files/Pods-Wishlist/Pods-Wishlist.release.xcconfig"; sourceTree = "<group>"; };
/* End PBXFileReference section */

/* Begin PBXFrameworksBuildPhase section */
		8BB6128421D281BC0099C616 /* Frameworks */ = {
			isa = PBXFrameworksBuildPhase;
			buildActionMask = 2147483647;
			files = (
				EBE8384305BD189B792955A8 /* Pods_Wishlist.framework in Frameworks */,
			);
			runOnlyForDeploymentPostprocessing = 0;
		};
		8BB6129A21D281BC0099C616 /* Frameworks */ = {
			isa = PBXFrameworksBuildPhase;
			buildActionMask = 2147483647;
			files = (
			);
			runOnlyForDeploymentPostprocessing = 0;
		};
/* End PBXFrameworksBuildPhase section */

/* Begin PBXGroup section */
		4E9782EFC56B5C14FDBB4E98 /* Pods */ = {
			isa = PBXGroup;
			children = (
				7C982B305BFFE44909C143FB /* Pods-Wishlist.debug.xcconfig */,
				C8FBE943D72CA013861F512B /* Pods-Wishlist.release.xcconfig */,
			);
			name = Pods;
			sourceTree = "<group>";
		};
		8BB6127E21D281BC0099C616 = {
			isa = PBXGroup;
			children = (
				8BB6128921D281BC0099C616 /* Wishlist */,
				8BB612A021D281BC0099C616 /* WishlistTests */,
				8BB6128821D281BC0099C616 /* Products */,
				4E9782EFC56B5C14FDBB4E98 /* Pods */,
				A3ADA0D3812CFFD7F690E0C8 /* Frameworks */,
			);
			sourceTree = "<group>";
		};
		8BB6128821D281BC0099C616 /* Products */ = {
			isa = PBXGroup;
			children = (
				8BB6128721D281BC0099C616 /* Wishlist.app */,
				8BB6129D21D281BC0099C616 /* WishlistTests.xctest */,
			);
			name = Products;
			sourceTree = "<group>";
		};
		8BB6128921D281BC0099C616 /* Wishlist */ = {
			isa = PBXGroup;
			children = (
				8BB6129821D281BC0099C616 /* Info.plist */,
				8BB6128A21D281BC0099C616 /* AppDelegate.swift */,
				8BB612AF21D281DF0099C616 /* Data model */,
				8BB612AE21D281DB0099C616 /* Views */,
				8BB612AD21D281D60099C616 /* Resources */,
				8BB612AC21D281CD0099C616 /* Controllers */,
			);
			path = Wishlist;
			sourceTree = "<group>";
		};
		8BB612A021D281BC0099C616 /* WishlistTests */ = {
			isa = PBXGroup;
			children = (
				8BB612A121D281BC0099C616 /* WishlistTests.swift */,
				8BB612A321D281BC0099C616 /* Info.plist */,
			);
			path = WishlistTests;
			sourceTree = "<group>";
		};
		8BB612AC21D281CD0099C616 /* Controllers */ = {
			isa = PBXGroup;
			children = (
				8BB6128C21D281BC0099C616 /* GiftGroupViewController.swift */,
				8BB6128E21D281BC0099C616 /* SecondViewController.swift */,
			);
			path = Controllers;
			sourceTree = "<group>";
		};
		8BB612AD21D281D60099C616 /* Resources */ = {
			isa = PBXGroup;
			children = (
			);
			path = Resources;
			sourceTree = "<group>";
		};
		8BB612AE21D281DB0099C616 /* Views */ = {
			isa = PBXGroup;
			children = (
				8BB6129021D281BC0099C616 /* Main.storyboard */,
				8BB6129521D281BC0099C616 /* LaunchScreen.storyboard */,
				8BB6129321D281BC0099C616 /* Assets.xcassets */,
				8B1141A121D287860063B335 /* GroupTableViewCell.swift */,
			);
			path = Views;
			sourceTree = "<group>";
		};
		8BB612AF21D281DF0099C616 /* Data model */ = {
			isa = PBXGroup;
			children = (
			);
			path = "Data model";
			sourceTree = "<group>";
		};
		A3ADA0D3812CFFD7F690E0C8 /* Frameworks */ = {
			isa = PBXGroup;
			children = (
				2C817941CD043D523FDEE962 /* Pods_Wishlist.framework */,
			);
			name = Frameworks;
			sourceTree = "<group>";
		};
/* End PBXGroup section */

/* Begin PBXNativeTarget section */
		8BB6128621D281BC0099C616 /* Wishlist */ = {
			isa = PBXNativeTarget;
			buildConfigurationList = 8BB612A621D281BC0099C616 /* Build configuration list for PBXNativeTarget "Wishlist" */;
			buildPhases = (
				E59698F16CBD7FCBC3055E7A /* [CP] Check Pods Manifest.lock */,
				8BB6128321D281BC0099C616 /* Sources */,
				8BB6128421D281BC0099C616 /* Frameworks */,
				8BB6128521D281BC0099C616 /* Resources */,
				73965ECAE6435F57056136A0 /* [CP] Embed Pods Frameworks */,
			);
			buildRules = (
			);
			dependencies = (
			);
			name = Wishlist;
			productName = Wishlist;
			productReference = 8BB6128721D281BC0099C616 /* Wishlist.app */;
			productType = "com.apple.product-type.application";
		};
		8BB6129C21D281BC0099C616 /* WishlistTests */ = {
			isa = PBXNativeTarget;
			buildConfigurationList = 8BB612A921D281BD0099C616 /* Build configuration list for PBXNativeTarget "WishlistTests" */;
			buildPhases = (
				8BB6129921D281BC0099C616 /* Sources */,
				8BB6129A21D281BC0099C616 /* Frameworks */,
				8BB6129B21D281BC0099C616 /* Resources */,
			);
			buildRules = (
			);
			dependencies = (
				8BB6129F21D281BC0099C616 /* PBXTargetDependency */,
			);
			name = WishlistTests;
			productName = WishlistTests;
			productReference = 8BB6129D21D281BC0099C616 /* WishlistTests.xctest */;
			productType = "com.apple.product-type.bundle.unit-test";
		};
/* End PBXNativeTarget section */

/* Begin PBXProject section */
		8BB6127F21D281BC0099C616 /* Project object */ = {
			isa = PBXProject;
			attributes = {
				LastSwiftUpdateCheck = 1010;
				LastUpgradeCheck = 1010;
				ORGANIZATIONNAME = "Håkon Strandlie";
				TargetAttributes = {
					8BB6128621D281BC0099C616 = {
						CreatedOnToolsVersion = 10.1;
					};
					8BB6129C21D281BC0099C616 = {
						CreatedOnToolsVersion = 10.1;
						TestTargetID = 8BB6128621D281BC0099C616;
					};
				};
			};
			buildConfigurationList = 8BB6128221D281BC0099C616 /* Build configuration list for PBXProject "Wishlist" */;
			compatibilityVersion = "Xcode 9.3";
			developmentRegion = en;
			hasScannedForEncodings = 0;
			knownRegions = (
				en,
				Base,
			);
			mainGroup = 8BB6127E21D281BC0099C616;
			productRefGroup = 8BB6128821D281BC0099C616 /* Products */;
			projectDirPath = "";
			projectRoot = "";
			targets = (
				8BB6128621D281BC0099C616 /* Wishlist */,
				8BB6129C21D281BC0099C616 /* WishlistTests */,
			);
		};
/* End PBXProject section */

/* Begin PBXResourcesBuildPhase section */
		8BB6128521D281BC0099C616 /* Resources */ = {
			isa = PBXResourcesBuildPhase;
			buildActionMask = 2147483647;
			files = (
				8BB6129721D281BC0099C616 /* LaunchScreen.storyboard in Resources */,
				8BB6129421D281BC0099C616 /* Assets.xcassets in Resources */,
				8BB6129221D281BC0099C616 /* Main.storyboard in Resources */,
			);
			runOnlyForDeploymentPostprocessing = 0;
		};
		8BB6129B21D281BC0099C616 /* Resources */ = {
			isa = PBXResourcesBuildPhase;
			buildActionMask = 2147483647;
			files = (
			);
			runOnlyForDeploymentPostprocessing = 0;
		};
/* End PBXResourcesBuildPhase section */

/* Begin PBXShellScriptBuildPhase section */
		73965ECAE6435F57056136A0 /* [CP] Embed Pods Frameworks */ = {
			isa = PBXShellScriptBuildPhase;
			buildActionMask = 2147483647;
			files = (
			);
			inputPaths = (
				"${SRCROOT}/Pods/Target Support Files/Pods-Wishlist/Pods-Wishlist-frameworks.sh",
				"${BUILT_PRODUCTS_DIR}/Alamofire/Alamofire.framework",
			);
			name = "[CP] Embed Pods Frameworks";
			outputPaths = (
				"${TARGET_BUILD_DIR}/${FRAMEWORKS_FOLDER_PATH}/Alamofire.framework",
			);
			runOnlyForDeploymentPostprocessing = 0;
			shellPath = /bin/sh;
			shellScript = "\"${SRCROOT}/Pods/Target Support Files/Pods-Wishlist/Pods-Wishlist-frameworks.sh\"\n";
			showEnvVarsInLog = 0;
		};
		E59698F16CBD7FCBC3055E7A /* [CP] Check Pods Manifest.lock */ = {
			isa = PBXShellScriptBuildPhase;
			buildActionMask = 2147483647;
			files = (
			);
			inputPaths = (
				"${PODS_PODFILE_DIR_PATH}/Podfile.lock",
				"${PODS_ROOT}/Manifest.lock",
			);
			name = "[CP] Check Pods Manifest.lock";
			outputPaths = (
				"$(DERIVED_FILE_DIR)/Pods-Wishlist-checkManifestLockResult.txt",
			);
			runOnlyForDeploymentPostprocessing = 0;
			shellPath = /bin/sh;
			shellScript = "diff \"${PODS_PODFILE_DIR_PATH}/Podfile.lock\" \"${PODS_ROOT}/Manifest.lock\" > /dev/null\nif [ $? != 0 ] ; then\n    # print error to STDERR\n    echo \"error: The sandbox is not in sync with the Podfile.lock. Run 'pod install' or update your CocoaPods installation.\" >&2\n    exit 1\nfi\n# This output is used by Xcode 'outputs' to avoid re-running this script phase.\necho \"SUCCESS\" > \"${SCRIPT_OUTPUT_FILE_0}\"\n";
			showEnvVarsInLog = 0;
		};
/* End PBXShellScriptBuildPhase section */

/* Begin PBXSourcesBuildPhase section */
		8BB6128321D281BC0099C616 /* Sources */ = {
			isa = PBXSourcesBuildPhase;
			buildActionMask = 2147483647;
			files = (
				8BB6128F21D281BC0099C616 /* SecondViewController.swift in Sources */,
				8BB6128B21D281BC0099C616 /* AppDelegate.swift in Sources */,
				8BB6128D21D281BC0099C616 /* GiftGroupViewController.swift in Sources */,
				8B1141A221D287860063B335 /* GroupTableViewCell.swift in Sources */,
			);
			runOnlyForDeploymentPostprocessing = 0;
		};
		8BB6129921D281BC0099C616 /* Sources */ = {
			isa = PBXSourcesBuildPhase;
			buildActionMask = 2147483647;
			files = (
				8BB612A221D281BC0099C616 /* WishlistTests.swift in Sources */,
			);
			runOnlyForDeploymentPostprocessing = 0;
		};
/* End PBXSourcesBuildPhase section */

/* Begin PBXTargetDependency section */
		8BB6129F21D281BC0099C616 /* PBXTargetDependency */ = {
			isa = PBXTargetDependency;
			target = 8BB6128621D281BC0099C616 /* Wishlist */;
			targetProxy = 8BB6129E21D281BC0099C616 /* PBXContainerItemProxy */;
		};
/* End PBXTargetDependency section */

/* Begin PBXVariantGroup section */
		8BB6129021D281BC0099C616 /* Main.storyboard */ = {
			isa = PBXVariantGroup;
			children = (
				8BB6129121D281BC0099C616 /* Base */,
			);
			name = Main.storyboard;
			sourceTree = "<group>";
		};
		8BB6129521D281BC0099C616 /* LaunchScreen.storyboard */ = {
			isa = PBXVariantGroup;
			children = (
				8BB6129621D281BC0099C616 /* Base */,
			);
			name = LaunchScreen.storyboard;
			sourceTree = "<group>";
		};
/* End PBXVariantGroup section */

/* Begin XCBuildConfiguration section */
		8BB612A421D281BC0099C616 /* Debug */ = {
			isa = XCBuildConfiguration;
			buildSettings = {
				ALWAYS_SEARCH_USER_PATHS = NO;
				CLANG_ANALYZER_NONNULL = YES;
				CLANG_ANALYZER_NUMBER_OBJECT_CONVERSION = YES_AGGRESSIVE;
				CLANG_CXX_LANGUAGE_STANDARD = "gnu++14";
				CLANG_CXX_LIBRARY = "libc++";
				CLANG_ENABLE_MODULES = YES;
				CLANG_ENABLE_OBJC_ARC = YES;
				CLANG_ENABLE_OBJC_WEAK = YES;
				CLANG_WARN_BLOCK_CAPTURE_AUTORELEASING = YES;
				CLANG_WARN_BOOL_CONVERSION = YES;
				CLANG_WARN_COMMA = YES;
				CLANG_WARN_CONSTANT_CONVERSION = YES;
				CLANG_WARN_DEPRECATED_OBJC_IMPLEMENTATIONS = YES;
				CLANG_WARN_DIRECT_OBJC_ISA_USAGE = YES_ERROR;
				CLANG_WARN_DOCUMENTATION_COMMENTS = YES;
				CLANG_WARN_EMPTY_BODY = YES;
				CLANG_WARN_ENUM_CONVERSION = YES;
				CLANG_WARN_INFINITE_RECURSION = YES;
				CLANG_WARN_INT_CONVERSION = YES;
				CLANG_WARN_NON_LITERAL_NULL_CONVERSION = YES;
				CLANG_WARN_OBJC_IMPLICIT_RETAIN_SELF = YES;
				CLANG_WARN_OBJC_LITERAL_CONVERSION = YES;
				CLANG_WARN_OBJC_ROOT_CLASS = YES_ERROR;
				CLANG_WARN_RANGE_LOOP_ANALYSIS = YES;
				CLANG_WARN_STRICT_PROTOTYPES = YES;
				CLANG_WARN_SUSPICIOUS_MOVE = YES;
				CLANG_WARN_UNGUARDED_AVAILABILITY = YES_AGGRESSIVE;
				CLANG_WARN_UNREACHABLE_CODE = YES;
				CLANG_WARN__DUPLICATE_METHOD_MATCH = YES;
				CODE_SIGN_IDENTITY = "iPhone Developer";
				COPY_PHASE_STRIP = NO;
				DEBUG_INFORMATION_FORMAT = dwarf;
				ENABLE_STRICT_OBJC_MSGSEND = YES;
				ENABLE_TESTABILITY = YES;
				GCC_C_LANGUAGE_STANDARD = gnu11;
				GCC_DYNAMIC_NO_PIC = NO;
				GCC_NO_COMMON_BLOCKS = YES;
				GCC_OPTIMIZATION_LEVEL = 0;
				GCC_PREPROCESSOR_DEFINITIONS = (
					"DEBUG=1",
					"$(inherited)",
				);
				GCC_WARN_64_TO_32_BIT_CONVERSION = YES;
				GCC_WARN_ABOUT_RETURN_TYPE = YES_ERROR;
				GCC_WARN_UNDECLARED_SELECTOR = YES;
				GCC_WARN_UNINITIALIZED_AUTOS = YES_AGGRESSIVE;
				GCC_WARN_UNUSED_FUNCTION = YES;
				GCC_WARN_UNUSED_VARIABLE = YES;
				IPHONEOS_DEPLOYMENT_TARGET = 12.1;
				MTL_ENABLE_DEBUG_INFO = INCLUDE_SOURCE;
				MTL_FAST_MATH = YES;
				ONLY_ACTIVE_ARCH = YES;
				SDKROOT = iphoneos;
				SWIFT_ACTIVE_COMPILATION_CONDITIONS = DEBUG;
				SWIFT_OPTIMIZATION_LEVEL = "-Onone";
			};
			name = Debug;
		};
		8BB612A521D281BC0099C616 /* Release */ = {
			isa = XCBuildConfiguration;
			buildSettings = {
				ALWAYS_SEARCH_USER_PATHS = NO;
				CLANG_ANALYZER_NONNULL = YES;
				CLANG_ANALYZER_NUMBER_OBJECT_CONVERSION = YES_AGGRESSIVE;
				CLANG_CXX_LANGUAGE_STANDARD = "gnu++14";
				CLANG_CXX_LIBRARY = "libc++";
				CLANG_ENABLE_MODULES = YES;
				CLANG_ENABLE_OBJC_ARC = YES;
				CLANG_ENABLE_OBJC_WEAK = YES;
				CLANG_WARN_BLOCK_CAPTURE_AUTORELEASING = YES;
				CLANG_WARN_BOOL_CONVERSION = YES;
				CLANG_WARN_COMMA = YES;
				CLANG_WARN_CONSTANT_CONVERSION = YES;
				CLANG_WARN_DEPRECATED_OBJC_IMPLEMENTATIONS = YES;
				CLANG_WARN_DIRECT_OBJC_ISA_USAGE = YES_ERROR;
				CLANG_WARN_DOCUMENTATION_COMMENTS = YES;
				CLANG_WARN_EMPTY_BODY = YES;
				CLANG_WARN_ENUM_CONVERSION = YES;
				CLANG_WARN_INFINITE_RECURSION = YES;
				CLANG_WARN_INT_CONVERSION = YES;
				CLANG_WARN_NON_LITERAL_NULL_CONVERSION = YES;
				CLANG_WARN_OBJC_IMPLICIT_RETAIN_SELF = YES;
				CLANG_WARN_OBJC_LITERAL_CONVERSION = YES;
				CLANG_WARN_OBJC_ROOT_CLASS = YES_ERROR;
				CLANG_WARN_RANGE_LOOP_ANALYSIS = YES;
				CLANG_WARN_STRICT_PROTOTYPES = YES;
				CLANG_WARN_SUSPICIOUS_MOVE = YES;
				CLANG_WARN_UNGUARDED_AVAILABILITY = YES_AGGRESSIVE;
				CLANG_WARN_UNREACHABLE_CODE = YES;
				CLANG_WARN__DUPLICATE_METHOD_MATCH = YES;
				CODE_SIGN_IDENTITY = "iPhone Developer";
				COPY_PHASE_STRIP = NO;
				DEBUG_INFORMATION_FORMAT = "dwarf-with-dsym";
				ENABLE_NS_ASSERTIONS = NO;
				ENABLE_STRICT_OBJC_MSGSEND = YES;
				GCC_C_LANGUAGE_STANDARD = gnu11;
				GCC_NO_COMMON_BLOCKS = YES;
				GCC_WARN_64_TO_32_BIT_CONVERSION = YES;
				GCC_WARN_ABOUT_RETURN_TYPE = YES_ERROR;
				GCC_WARN_UNDECLARED_SELECTOR = YES;
				GCC_WARN_UNINITIALIZED_AUTOS = YES_AGGRESSIVE;
				GCC_WARN_UNUSED_FUNCTION = YES;
				GCC_WARN_UNUSED_VARIABLE = YES;
				IPHONEOS_DEPLOYMENT_TARGET = 12.1;
				MTL_ENABLE_DEBUG_INFO = NO;
				MTL_FAST_MATH = YES;
				SDKROOT = iphoneos;
				SWIFT_COMPILATION_MODE = wholemodule;
				SWIFT_OPTIMIZATION_LEVEL = "-O";
				VALIDATE_PRODUCT = YES;
			};
			name = Release;
		};
		8BB612A721D281BC0099C616 /* Debug */ = {
			isa = XCBuildConfiguration;
			baseConfigurationReference = 7C982B305BFFE44909C143FB /* Pods-Wishlist.debug.xcconfig */;
			buildSettings = {
				ASSETCATALOG_COMPILER_APPICON_NAME = AppIcon;
				CODE_SIGN_STYLE = Automatic;
				DEVELOPMENT_TEAM = ZNYSJ75KPC;
				INFOPLIST_FILE = Wishlist/Info.plist;
				LD_RUNPATH_SEARCH_PATHS = (
					"$(inherited)",
					"@executable_path/Frameworks",
				);
				PRODUCT_BUNDLE_IDENTIFIER = com.strandlie.Wishlist;
				PRODUCT_NAME = "$(TARGET_NAME)";
				SWIFT_VERSION = 4.2;
				TARGETED_DEVICE_FAMILY = "1,2";
			};
			name = Debug;
		};
		8BB612A821D281BC0099C616 /* Release */ = {
			isa = XCBuildConfiguration;
			baseConfigurationReference = C8FBE943D72CA013861F512B /* Pods-Wishlist.release.xcconfig */;
			buildSettings = {
				ASSETCATALOG_COMPILER_APPICON_NAME = AppIcon;
				CODE_SIGN_STYLE = Automatic;
				DEVELOPMENT_TEAM = ZNYSJ75KPC;
				INFOPLIST_FILE = Wishlist/Info.plist;
				LD_RUNPATH_SEARCH_PATHS = (
					"$(inherited)",
					"@executable_path/Frameworks",
				);
				PRODUCT_BUNDLE_IDENTIFIER = com.strandlie.Wishlist;
				PRODUCT_NAME = "$(TARGET_NAME)";
				SWIFT_VERSION = 4.2;
				TARGETED_DEVICE_FAMILY = "1,2";
			};
			name = Release;
		};
		8BB612AA21D281BD0099C616 /* Debug */ = {
			isa = XCBuildConfiguration;
			buildSettings = {
				ALWAYS_EMBED_SWIFT_STANDARD_LIBRARIES = YES;
				BUNDLE_LOADER = "$(TEST_HOST)";
				CODE_SIGN_STYLE = Automatic;
				DEVELOPMENT_TEAM = ZNYSJ75KPC;
				INFOPLIST_FILE = WishlistTests/Info.plist;
				LD_RUNPATH_SEARCH_PATHS = (
					"$(inherited)",
					"@executable_path/Frameworks",
					"@loader_path/Frameworks",
				);
				PRODUCT_BUNDLE_IDENTIFIER = com.strandlie.WishlistTests;
				PRODUCT_NAME = "$(TARGET_NAME)";
				SWIFT_VERSION = 4.2;
				TARGETED_DEVICE_FAMILY = "1,2";
				TEST_HOST = "$(BUILT_PRODUCTS_DIR)/Wishlist.app/Wishlist";
			};
			name = Debug;
		};
		8BB612AB21D281BD0099C616 /* Release */ = {
			isa = XCBuildConfiguration;
			buildSettings = {
				ALWAYS_EMBED_SWIFT_STANDARD_LIBRARIES = YES;
				BUNDLE_LOADER = "$(TEST_HOST)";
				CODE_SIGN_STYLE = Automatic;
				DEVELOPMENT_TEAM = ZNYSJ75KPC;
				INFOPLIST_FILE = WishlistTests/Info.plist;
				LD_RUNPATH_SEARCH_PATHS = (
					"$(inherited)",
					"@executable_path/Frameworks",
					"@loader_path/Frameworks",
				);
				PRODUCT_BUNDLE_IDENTIFIER = com.strandlie.WishlistTests;
				PRODUCT_NAME = "$(TARGET_NAME)";
				SWIFT_VERSION = 4.2;
				TARGETED_DEVICE_FAMILY = "1,2";
				TEST_HOST = "$(BUILT_PRODUCTS_DIR)/Wishlist.app/Wishlist";
			};
			name = Release;
		};
/* End XCBuildConfiguration section */

/* Begin XCConfigurationList section */
		8BB6128221D281BC0099C616 /* Build configuration list for PBXProject "Wishlist" */ = {
			isa = XCConfigurationList;
			buildConfigurations = (
				8BB612A421D281BC0099C616 /* Debug */,
				8BB612A521D281BC0099C616 /* Release */,
			);
			defaultConfigurationIsVisible = 0;
			defaultConfigurationName = Release;
		};
		8BB612A621D281BC0099C616 /* Build configuration list for PBXNativeTarget "Wishlist" */ = {
			isa = XCConfigurationList;
			buildConfigurations = (
				8BB612A721D281BC0099C616 /* Debug */,
				8BB612A821D281BC0099C616 /* Release */,
			);
			defaultConfigurationIsVisible = 0;
			defaultConfigurationName = Release;
		};
		8BB612A921D281BD0099C616 /* Build configuration list for PBXNativeTarget "WishlistTests" */ = {
			isa = XCConfigurationList;
			buildConfigurations = (
				8BB612AA21D281BD0099C616 /* Debug */,
				8BB612AB21D281BD0099C616 /* Release */,
			);
			defaultConfigurationIsVisible = 0;
			defaultConfigurationName = Release;
		};
/* End XCConfigurationList section */
	};
	rootObject = 8BB6127F21D281BC0099C616 /* Project object */;
}
